
Microsoft Visual Studio Solution File, Format Version 12.00
# Visual Studio Version 17
VisualStudioVersion = 17.1.32421.90
MinimumVisualStudioVersion = 10.0.40219.1
Project("{9A19103F-16F7-4668-BE54-9A1E7A4F7556}") = "ZombieGame", "ConsoleApp1\ZombieGame.csproj", "{478F3CEF-4021-4EE5-B159-360295895741}"
EndProject
Global
	GlobalSection(SolutionConfigurationPlatforms) = preSolution
		Debug|Any CPU = Debug|Any CPU
		Release|Any CPU = Release|Any CPU
	EndGlobalSection
	GlobalSection(ProjectConfigurationPlatforms) = postSolution
		{478F3CEF-4021-4EE5-B159-360295895741}.Debug|Any CPU.ActiveCfg = Debug|Any CPU
		{478F3CEF-4021-4EE5-B159-360295895741}.Debug|Any CPU.Build.0 = Debug|Any CPU
		{478F3CEF-4021-4EE5-B159-360295895741}.Release|Any CPU.ActiveCfg = Release|Any CPU
		{478F3CEF-4021-4EE5-B159-360295895741}.Release|Any CPU.Build.0 = Release|Any CPU
	EndGlobalSection
	GlobalSection(SolutionProperties) = preSolution
		HideSolutionNode = FALSE
	EndGlobalSection
	GlobalSection(ExtensibilityGlobals) = postSolution
		SolutionGuid = {E7680948-2ADF-43C4-BC27-D33ACE8D01B3}
	EndGlobalSection
EndGlobal
